// !$*UTF8*$!
{
	archiveVersion = 1;
	classes = {
	};
	objectVersion = 50;
	objects = {

/* Begin PBXBuildFile section */
		3394CA4D23EBD8CA00863A2E /* AppDelegate.swift in Sources */ = {isa = PBXBuildFile; fileRef = 3394CA4C23EBD8CA00863A2E /* AppDelegate.swift */; };
		3394CA5323EBD8CA00863A2E /* GameScene.swift in Sources */ = {isa = PBXBuildFile; fileRef = 3394CA5223EBD8CA00863A2E /* GameScene.swift */; };
		3394CA5523EBD8CA00863A2E /* GameViewController.swift in Sources */ = {isa = PBXBuildFile; fileRef = 3394CA5423EBD8CA00863A2E /* GameViewController.swift */; };
		3394CA5823EBD8CA00863A2E /* Main.storyboard in Resources */ = {isa = PBXBuildFile; fileRef = 3394CA5623EBD8CA00863A2E /* Main.storyboard */; };
		3394CA5A23EBD8D000863A2E /* Assets.xcassets in Resources */ = {isa = PBXBuildFile; fileRef = 3394CA5923EBD8D000863A2E /* Assets.xcassets */; };
		3394CA5D23EBD8D000863A2E /* LaunchScreen.storyboard in Resources */ = {isa = PBXBuildFile; fileRef = 3394CA5B23EBD8D000863A2E /* LaunchScreen.storyboard */; };
		3394CA6623EBE1FA00863A2E /* States.swift in Sources */ = {isa = PBXBuildFile; fileRef = 3394CA6523EBE1FA00863A2E /* States.swift */; };
/* End PBXBuildFile section */

/* Begin PBXFileReference section */
		3394CA4923EBD8CA00863A2E /* GKStateMachine-Part1-Project-Start.app */ = {isa = PBXFileReference; explicitFileType = wrapper.application; includeInIndex = 0; path = "GKStateMachine-Part1-Project-Start.app"; sourceTree = BUILT_PRODUCTS_DIR; };
		3394CA4C23EBD8CA00863A2E /* AppDelegate.swift */ = {isa = PBXFileReference; lastKnownFileType = sourcecode.swift; path = AppDelegate.swift; sourceTree = "<group>"; };
		3394CA5223EBD8CA00863A2E /* GameScene.swift */ = {isa = PBXFileReference; lastKnownFileType = sourcecode.swift; path = GameScene.swift; sourceTree = "<group>"; };
		3394CA5423EBD8CA00863A2E /* GameViewController.swift */ = {isa = PBXFileReference; lastKnownFileType = sourcecode.swift; path = GameViewController.swift; sourceTree = "<group>"; };
		3394CA5723EBD8CA00863A2E /* Base */ = {isa = PBXFileReference; lastKnownFileType = file.storyboard; name = Base; path = Base.lproj/Main.storyboard; sourceTree = "<group>"; };
		3394CA5923EBD8D000863A2E /* Assets.xcassets */ = {isa = PBXFileReference; lastKnownFileType = folder.assetcatalog; path = Assets.xcassets; sourceTree = "<group>"; };
		3394CA5C23EBD8D000863A2E /* Base */ = {isa = PBXFileReference; lastKnownFileType = file.storyboard; name = Base; path = Base.lproj/LaunchScreen.storyboard; sourceTree = "<group>"; };
		3394CA5E23EBD8D000863A2E /* Info.plist */ = {isa = PBXFileReference; lastKnownFileType = text.plist.xml; path = Info.plist; sourceTree = "<group>"; };
		3394CA6523EBE1FA00863A2E /* States.swift */ = {isa = PBXFileReference; lastKnownFileType = sourcecode.swift; path = States.swift; sourceTree = "<group>"; };
/* End PBXFileReference section */

/* Begin PBXFrameworksBuildPhase section */
		3394CA4623EBD8CA00863A2E /* Frameworks */ = {
			isa = PBXFrameworksBuildPhase;
			buildActionMask = 2147483647;
			files = (
			);
			runOnlyForDeploymentPostprocessing = 0;
		};
/* End PBXFrameworksBuildPhase section */

/* Begin PBXGroup section */
		3394CA4023EBD8CA00863A2E = {
			isa = PBXGroup;
			children = (
				3394CA4B23EBD8CA00863A2E /* GKStateMachine-Part1-Project-Start */,
				3394CA4A23EBD8CA00863A2E /* Products */,
			);
			sourceTree = "<group>";
		};
		3394CA4A23EBD8CA00863A2E /* Products */ = {
			isa = PBXGroup;
			children = (
				3394CA4923EBD8CA00863A2E /* GKStateMachine-Part1-Project-Start.app */,
			);
			name = Products;
			sourceTree = "<group>";
		};
		3394CA4B23EBD8CA00863A2E /* GKStateMachine-Part1-Project-Start */ = {
			isa = PBXGroup;
			children = (
				3394CA6423EBDE9500863A2E /* Support Files */,
				3394CA4C23EBD8CA00863A2E /* AppDelegate.swift */,
				3394CA5223EBD8CA00863A2E /* GameScene.swift */,
				3394CA5423EBD8CA00863A2E /* GameViewController.swift */,
				3394CA6523EBE1FA00863A2E /* States.swift */,
			);
			path = "GKStateMachine-Part1-Project-Start";
			sourceTree = "<group>";
		};
		3394CA6423EBDE9500863A2E /* Support Files */ = {
			isa = PBXGroup;
			children = (
				3394CA5623EBD8CA00863A2E /* Main.storyboard */,
				3394CA5923EBD8D000863A2E /* Assets.xcassets */,
				3394CA5B23EBD8D000863A2E /* LaunchScreen.storyboard */,
				3394CA5E23EBD8D000863A2E /* Info.plist */,
			);
			path = "Support Files";
			sourceTree = "<group>";
		};
/* End PBXGroup section */

/* Begin PBXNativeTarget section */
		3394CA4823EBD8CA00863A2E /* GKStateMachine-Part1-Project-Start */ = {
			isa = PBXNativeTarget;
			buildConfigurationList = 3394CA6123EBD8D000863A2E /* Build configuration list for PBXNativeTarget "GKStateMachine-Part1-Project-Start" */;
			buildPhases = (
				3394CA4523EBD8CA00863A2E /* Sources */,
				3394CA4623EBD8CA00863A2E /* Frameworks */,
				3394CA4723EBD8CA00863A2E /* Resources */,
			);
			buildRules = (
			);
			dependencies = (
			);
			name = "GKStateMachine-Part1-Project-Start";
			productName = "GKStateMachine-Part1-Project-Start";
			productReference = 3394CA4923EBD8CA00863A2E /* GKStateMachine-Part1-Project-Start.app */;
			productType = "com.apple.product-type.application";
		};
/* End PBXNativeTarget section */

/* Begin PBXProject section */
		3394CA4123EBD8CA00863A2E /* Project object */ = {
			isa = PBXProject;
			attributes = {
				LastSwiftUpdateCheck = 1130;
				LastUpgradeCheck = 1130;
				ORGANIZATIONNAME = "Jordan Huffman";
				TargetAttributes = {
					3394CA4823EBD8CA00863A2E = {
						CreatedOnToolsVersion = 11.3.1;
					};
				};
			};
			buildConfigurationList = 3394CA4423EBD8CA00863A2E /* Build configuration list for PBXProject "GKStateMachine-Part1-Project-Start" */;
			compatibilityVersion = "Xcode 9.3";
			developmentRegion = en;
			hasScannedForEncodings = 0;
			knownRegions = (
				en,
				Base,
			);
			mainGroup = 3394CA4023EBD8CA00863A2E;
			productRefGroup = 3394CA4A23EBD8CA00863A2E /* Products */;
			projectDirPath = "";
			projectRoot = "";
			targets = (
				3394CA4823EBD8CA00863A2E /* GKStateMachine-Part1-Project-Start */,
			);
		};
/* End PBXProject section */

/* Begin PBXResourcesBuildPhase section */
		3394CA4723EBD8CA00863A2E /* Resources */ = {
			isa = PBXResourcesBuildPhase;
			buildActionMask = 2147483647;
			files = (
				3394CA5823EBD8CA00863A2E /* Main.storyboard in Resources */,
				3394CA5A23EBD8D000863A2E /* Assets.xcassets in Resources */,
				3394CA5D23EBD8D000863A2E /* LaunchScreen.storyboard in Resources */,
			);
			runOnlyForDeploymentPostprocessing = 0;
		};
/* End PBXResourcesBuildPhase section */

/* Begin PBXSourcesBuildPhase section */
		3394CA4523EBD8CA00863A2E /* Sources */ = {
			isa = PBXSourcesBuildPhase;
			buildActionMask = 2147483647;
			files = (
				3394CA5323EBD8CA00863A2E /* GameScene.swift in Sources */,
				3394CA5523EBD8CA00863A2E /* GameViewController.swift in Sources */,
				3394CA4D23EBD8CA00863A2E /* AppDelegate.swift in Sources */,
				3394CA6623EBE1FA00863A2E /* States.swift in Sources */,
			);
			runOnlyForDeploymentPostprocessing = 0;
		};
/* End PBXSourcesBuildPhase section */

/* Begin PBXVariantGroup section */
		3394CA5623EBD8CA00863A2E /* Main.storyboard */ = {
			isa = PBXVariantGroup;
			children = (
				3394CA5723EBD8CA00863A2E /* Base */,
			);
			name = Main.storyboard;
			sourceTree = "<group>";
		};
		3394CA5B23EBD8D000863A2E /* LaunchScreen.storyboard */ = {
			isa = PBXVariantGroup;
			children = (
				3394CA5C23EBD8D000863A2E /* Base */,
			);
			name = LaunchScreen.storyboard;
			sourceTree = "<group>";
		};
/* End PBXVariantGroup section */

/* Begin XCBuildConfiguration section */
		3394CA5F23EBD8D000863A2E /* Debug */ = {
			isa = XCBuildConfiguration;
			buildSettings = {
				ALWAYS_SEARCH_USER_PATHS = NO;
				CLANG_ANALYZER_NONNULL = YES;
				CLANG_ANALYZER_NUMBER_OBJECT_CONVERSION = YES_AGGRESSIVE;
				CLANG_CXX_LANGUAGE_STANDARD = "gnu++14";
				CLANG_CXX_LIBRARY = "libc++";
				CLANG_ENABLE_MODULES = YES;
				CLANG_ENABLE_OBJC_ARC = YES;
				CLANG_ENABLE_OBJC_WEAK = YES;
				CLANG_WARN_BLOCK_CAPTURE_AUTORELEASING = YES;
				CLANG_WARN_BOOL_CONVERSION = YES;
				CLANG_WARN_COMMA = YES;
				CLANG_WARN_CONSTANT_CONVERSION = YES;
				CLANG_WARN_DEPRECATED_OBJC_IMPLEMENTATIONS = YES;
				CLANG_WARN_DIRECT_OBJC_ISA_USAGE = YES_ERROR;
				CLANG_WARN_DOCUMENTATION_COMMENTS = YES;
				CLANG_WARN_EMPTY_BODY = YES;
				CLANG_WARN_ENUM_CONVERSION = YES;
				CLANG_WARN_INFINITE_RECURSION = YES;
				CLANG_WARN_INT_CONVERSION = YES;
				CLANG_WARN_NON_LITERAL_NULL_CONVERSION = YES;
				CLANG_WARN_OBJC_IMPLICIT_RETAIN_SELF = YES;
				CLANG_WARN_OBJC_LITERAL_CONVERSION = YES;
				CLANG_WARN_OBJC_ROOT_CLASS = YES_ERROR;
				CLANG_WARN_RANGE_LOOP_ANALYSIS = YES;
				CLANG_WARN_STRICT_PROTOTYPES = YES;
				CLANG_WARN_SUSPICIOUS_MOVE = YES;
				CLANG_WARN_UNGUARDED_AVAILABILITY = YES_AGGRESSIVE;
				CLANG_WARN_UNREACHABLE_CODE = YES;
				CLANG_WARN__DUPLICATE_METHOD_MATCH = YES;
				COPY_PHASE_STRIP = NO;
				DEBUG_INFORMATION_FORMAT = dwarf;
				ENABLE_STRICT_OBJC_MSGSEND = YES;
				ENABLE_TESTABILITY = YES;
				GCC_C_LANGUAGE_STANDARD = gnu11;
				GCC_DYNAMIC_NO_PIC = NO;
				GCC_NO_COMMON_BLOCKS = YES;
				GCC_OPTIMIZATION_LEVEL = 0;
				GCC_PREPROCESSOR_DEFINITIONS = (
					"DEBUG=1",
					"$(inherited)",
				);
				GCC_WARN_64_TO_32_BIT_CONVERSION = YES;
				GCC_WARN_ABOUT_RETURN_TYPE = YES_ERROR;
				GCC_WARN_UNDECLARED_SELECTOR = YES;
				GCC_WARN_UNINITIALIZED_AUTOS = YES_AGGRESSIVE;
				GCC_WARN_UNUSED_FUNCTION = YES;
				GCC_WARN_UNUSED_VARIABLE = YES;
				IPHONEOS_DEPLOYMENT_TARGET = 13.2;
				MTL_ENABLE_DEBUG_INFO = INCLUDE_SOURCE;
				MTL_FAST_MATH = YES;
				ONLY_ACTIVE_ARCH = YES;
				SDKROOT = iphoneos;
				SWIFT_ACTIVE_COMPILATION_CONDITIONS = DEBUG;
				SWIFT_OPTIMIZATION_LEVEL = "-Onone";
			};
			name = Debug;
		};
		3394CA6023EBD8D000863A2E /* Release */ = {
			isa = XCBuildConfiguration;
			buildSettings = {
				ALWAYS_SEARCH_USER_PATHS = NO;
				CLANG_ANALYZER_NONNULL = YES;
				CLANG_ANALYZER_NUMBER_OBJECT_CONVERSION = YES_AGGRESSIVE;
				CLANG_CXX_LANGUAGE_STANDARD = "gnu++14";
				CLANG_CXX_LIBRARY = "libc++";
				CLANG_ENABLE_MODULES = YES;
				CLANG_ENABLE_OBJC_ARC = YES;
				CLANG_ENABLE_OBJC_WEAK = YES;
				CLANG_WARN_BLOCK_CAPTURE_AUTORELEASING = YES;
				CLANG_WARN_BOOL_CONVERSION = YES;
				CLANG_WARN_COMMA = YES;
				CLANG_WARN_CONSTANT_CONVERSION = YES;
				CLANG_WARN_DEPRECATED_OBJC_IMPLEMENTATIONS = YES;
				CLANG_WARN_DIRECT_OBJC_ISA_USAGE = YES_ERROR;
				CLANG_WARN_DOCUMENTATION_COMMENTS = YES;
				CLANG_WARN_EMPTY_BODY = YES;
				CLANG_WARN_ENUM_CONVERSION = YES;
				CLANG_WARN_INFINITE_RECURSION = YES;
				CLANG_WARN_INT_CONVERSION = YES;
				CLANG_WARN_NON_LITERAL_NULL_CONVERSION = YES;
				CLANG_WARN_OBJC_IMPLICIT_RETAIN_SELF = YES;
				CLANG_WARN_OBJC_LITERAL_CONVERSION = YES;
				CLANG_WARN_OBJC_ROOT_CLASS = YES_ERROR;
				CLANG_WARN_RANGE_LOOP_ANALYSIS = YES;
				CLANG_WARN_STRICT_PROTOTYPES = YES;
				CLANG_WARN_SUSPICIOUS_MOVE = YES;
				CLANG_WARN_UNGUARDED_AVAILABILITY = YES_AGGRESSIVE;
				CLANG_WARN_UNREACHABLE_CODE = YES;
				CLANG_WARN__DUPLICATE_METHOD_MATCH = YES;
				COPY_PHASE_STRIP = NO;
				DEBUG_INFORMATION_FORMAT = "dwarf-with-dsym";
				ENABLE_NS_ASSERTIONS = NO;
				ENABLE_STRICT_OBJC_MSGSEND = YES;
				GCC_C_LANGUAGE_STANDARD = gnu11;
				GCC_NO_COMMON_BLOCKS = YES;
				GCC_WARN_64_TO_32_BIT_CONVERSION = YES;
				GCC_WARN_ABOUT_RETURN_TYPE = YES_ERROR;
				GCC_WARN_UNDECLARED_SELECTOR = YES;
				GCC_WARN_UNINITIALIZED_AUTOS = YES_AGGRESSIVE;
				GCC_WARN_UNUSED_FUNCTION = YES;
				GCC_WARN_UNUSED_VARIABLE = YES;
				IPHONEOS_DEPLOYMENT_TARGET = 13.2;
				MTL_ENABLE_DEBUG_INFO = NO;
				MTL_FAST_MATH = YES;
				SDKROOT = iphoneos;
				SWIFT_COMPILATION_MODE = wholemodule;
				SWIFT_OPTIMIZATION_LEVEL = "-O";
				VALIDATE_PRODUCT = YES;
			};
			name = Release;
		};
		3394CA6223EBD8D000863A2E /* Debug */ = {
			isa = XCBuildConfiguration;
			buildSettings = {
				ASSETCATALOG_COMPILER_APPICON_NAME = AppIcon;
				CODE_SIGN_STYLE = Automatic;
				DEVELOPMENT_TEAM = B85JZ9PYCK;
				INFOPLIST_FILE = "GKStateMachine-Part1-Project-Start/Support Files/Info.plist";
				LD_RUNPATH_SEARCH_PATHS = (
					"$(inherited)",
					"@executable_path/Frameworks",
				);
				PRODUCT_BUNDLE_IDENTIFIER = "com.jordanhuffman.GKStateMachine-Part1-Project-Start";
				PRODUCT_NAME = "$(TARGET_NAME)";
				SWIFT_VERSION = 5.0;
				TARGETED_DEVICE_FAMILY = "1,2";
			};
			name = Debug;
		};
		3394CA6323EBD8D000863A2E /* Release */ = {
			isa = XCBuildConfiguration;
			buildSettings = {
				ASSETCATALOG_COMPILER_APPICON_NAME = AppIcon;
				CODE_SIGN_STYLE = Automatic;
				DEVELOPMENT_TEAM = B85JZ9PYCK;
				INFOPLIST_FILE = "GKStateMachine-Part1-Project-Start/Support Files/Info.plist";
				LD_RUNPATH_SEARCH_PATHS = (
					"$(inherited)",
					"@executable_path/Frameworks",
				);
				PRODUCT_BUNDLE_IDENTIFIER = "com.jordanhuffman.GKStateMachine-Part1-Project-Start";
				PRODUCT_NAME = "$(TARGET_NAME)";
				SWIFT_VERSION = 5.0;
				TARGETED_DEVICE_FAMILY = "1,2";
			};
			name = Release;
		};
/* End XCBuildConfiguration section */

/* Begin XCConfigurationList section */
		3394CA4423EBD8CA00863A2E /* Build configuration list for PBXProject "GKStateMachine-Part1-Project-Start" */ = {
			isa = XCConfigurationList;
			buildConfigurations = (
				3394CA5F23EBD8D000863A2E /* Debug */,
				3394CA6023EBD8D000863A2E /* Release */,
			);
			defaultConfigurationIsVisible = 0;
			defaultConfigurationName = Release;
		};
		3394CA6123EBD8D000863A2E /* Build configuration list for PBXNativeTarget "GKStateMachine-Part1-Project-Start" */ = {
			isa = XCConfigurationList;
			buildConfigurations = (
				3394CA6223EBD8D000863A2E /* Debug */,
				3394CA6323EBD8D000863A2E /* Release */,
			);
			defaultConfigurationIsVisible = 0;
			defaultConfigurationName = Release;
		};
/* End XCConfigurationList section */
	};
	rootObject = 3394CA4123EBD8CA00863A2E /* Project object */;
}
